
Microsoft Visual Studio Solution File, Format Version 12.00
# Visual Studio Version 16
VisualStudioVersion = 16.0.31005.135
MinimumVisualStudioVersion = 10.0.40219.1
Project("{9A19103F-16F7-4668-BE54-9A1E7A4F7556}") = "Resturent", "Resturent\Resturent.csproj", "{927BC650-205F-4391-AE3F-38EB3AC753CE}"
EndProject
Global
	GlobalSection(SolutionConfigurationPlatforms) = preSolution
		Debug|Any CPU = Debug|Any CPU
		Release|Any CPU = Release|Any CPU
	EndGlobalSection
	GlobalSection(ProjectConfigurationPlatforms) = postSolution
		{927BC650-205F-4391-AE3F-38EB3AC753CE}.Debug|Any CPU.ActiveCfg = Debug|Any CPU
		{927BC650-205F-4391-AE3F-38EB3AC753CE}.Debug|Any CPU.Build.0 = Debug|Any CPU
		{927BC650-205F-4391-AE3F-38EB3AC753CE}.Release|Any CPU.ActiveCfg = Release|Any CPU
		{927BC650-205F-4391-AE3F-38EB3AC753CE}.Release|Any CPU.Build.0 = Release|Any CPU
	EndGlobalSection
	GlobalSection(SolutionProperties) = preSolution
		HideSolutionNode = FALSE
	EndGlobalSection
	GlobalSection(ExtensibilityGlobals) = postSolution
		SolutionGuid = {AB596574-5614-467C-A12F-EE18FC631153}
	EndGlobalSection
EndGlobal
